
Microsoft Visual Studio Solution File, Format Version 12.00
# Visual Studio 15
VisualStudioVersion = 15.0.27703.2018
MinimumVisualStudioVersion = 10.0.40219.1
Project("{FAE04EC0-301F-11D3-BF4B-00C04F79EFBC}") = "Sales.Android", "Sales\Sales.Android\Sales.Android.csproj", "{7BC8C62D-8695-437C-9146-ABB0F41882E7}"
EndProject
Project("{FAE04EC0-301F-11D3-BF4B-00C04F79EFBC}") = "Sales.iOS", "Sales\Sales.iOS\Sales.iOS.csproj", "{EC322113-8178-40DC-A265-2234B91AC821}"
EndProject
Project("{FAE04EC0-301F-11D3-BF4B-00C04F79EFBC}") = "Sales.UWP", "Sales\Sales.UWP\Sales.UWP.csproj", "{54724966-611F-4EC2-86A9-657561F7AECB}"
EndProject
Project("{9A19103F-16F7-4668-BE54-9A1E7A4F7556}") = "Sales", "Sales\Sales\Sales.csproj", "{F855B331-2EC1-4843-B2FD-145D961116D2}"
EndProject
Project("{FAE04EC0-301F-11D3-BF4B-00C04F79EFBC}") = "Sales.Backend", "Sales.Backend\Sales.Backend.csproj", "{A2ED1611-2D3D-4433-8AE6-1E42024EEAA6}"
EndProject
Project("{FAE04EC0-301F-11D3-BF4B-00C04F79EFBC}") = "Sales.API", "Sales.API\Sales.API.csproj", "{DE317B73-34B2-4F06-BBE9-2F6BBA44FF07}"
EndProject
Project("{FAE04EC0-301F-11D3-BF4B-00C04F79EFBC}") = "Sales.Domain", "Sales.Domain\Sales.Domain.csproj", "{39F903B6-FC8F-4DBB-AEAA-8F7F42E1D683}"
EndProject
Project("{FAE04EC0-301F-11D3-BF4B-00C04F79EFBC}") = "Sales.Common", "Sales.Common\Sales.Common.csproj", "{6DD7241C-AAE8-45B4-BD0B-400D9C239686}"
EndProject
Global
	GlobalSection(SolutionConfigurationPlatforms) = preSolution
		Ad-Hoc|Any CPU = Ad-Hoc|Any CPU
		Ad-Hoc|ARM = Ad-Hoc|ARM
		Ad-Hoc|iPhone = Ad-Hoc|iPhone
		Ad-Hoc|iPhoneSimulator = Ad-Hoc|iPhoneSimulator
		Ad-Hoc|x64 = Ad-Hoc|x64
		Ad-Hoc|x86 = Ad-Hoc|x86
		AppStore|Any CPU = AppStore|Any CPU
		AppStore|ARM = AppStore|ARM
		AppStore|iPhone = AppStore|iPhone
		AppStore|iPhoneSimulator = AppStore|iPhoneSimulator
		AppStore|x64 = AppStore|x64
		AppStore|x86 = AppStore|x86
		Debug|Any CPU = Debug|Any CPU
		Debug|ARM = Debug|ARM
		Debug|iPhone = Debug|iPhone
		Debug|iPhoneSimulator = Debug|iPhoneSimulator
		Debug|x64 = Debug|x64
		Debug|x86 = Debug|x86
		Release|Any CPU = Release|Any CPU
		Release|ARM = Release|ARM
		Release|iPhone = Release|iPhone
		Release|iPhoneSimulator = Release|iPhoneSimulator
		Release|x64 = Release|x64
		Release|x86 = Release|x86
	EndGlobalSection
	GlobalSection(ProjectConfigurationPlatforms) = postSolution
		{7BC8C62D-8695-437C-9146-ABB0F41882E7}.Ad-Hoc|Any CPU.ActiveCfg = Release|Any CPU
		{7BC8C62D-8695-437C-9146-ABB0F41882E7}.Ad-Hoc|Any CPU.Build.0 = Release|Any CPU
		{7BC8C62D-8695-437C-9146-ABB0F41882E7}.Ad-Hoc|Any CPU.Deploy.0 = Release|Any CPU
		{7BC8C62D-8695-437C-9146-ABB0F41882E7}.Ad-Hoc|ARM.ActiveCfg = Release|Any CPU
		{7BC8C62D-8695-437C-9146-ABB0F41882E7}.Ad-Hoc|ARM.Build.0 = Release|Any CPU
		{7BC8C62D-8695-437C-9146-ABB0F41882E7}.Ad-Hoc|ARM.Deploy.0 = Release|Any CPU
		{7BC8C62D-8695-437C-9146-ABB0F41882E7}.Ad-Hoc|iPhone.ActiveCfg = Release|Any CPU
		{7BC8C62D-8695-437C-9146-ABB0F41882E7}.Ad-Hoc|iPhone.Build.0 = Release|Any CPU
		{7BC8C62D-8695-437C-9146-ABB0F41882E7}.Ad-Hoc|iPhone.Deploy.0 = Release|Any CPU
		{7BC8C62D-8695-437C-9146-ABB0F41882E7}.Ad-Hoc|iPhoneSimulator.ActiveCfg = Release|Any CPU
		{7BC8C62D-8695-437C-9146-ABB0F41882E7}.Ad-Hoc|iPhoneSimulator.Build.0 = Release|Any CPU
		{7BC8C62D-8695-437C-9146-ABB0F41882E7}.Ad-Hoc|iPhoneSimulator.Deploy.0 = Release|Any CPU
		{7BC8C62D-8695-437C-9146-ABB0F41882E7}.Ad-Hoc|x64.ActiveCfg = Release|Any CPU
		{7BC8C62D-8695-437C-9146-ABB0F41882E7}.Ad-Hoc|x64.Build.0 = Release|Any CPU
		{7BC8C62D-8695-437C-9146-ABB0F41882E7}.Ad-Hoc|x64.Deploy.0 = Release|Any CPU
		{7BC8C62D-8695-437C-9146-ABB0F41882E7}.Ad-Hoc|x86.ActiveCfg = Release|Any CPU
		{7BC8C62D-8695-437C-9146-ABB0F41882E7}.Ad-Hoc|x86.Build.0 = Release|Any CPU
		{7BC8C62D-8695-437C-9146-ABB0F41882E7}.Ad-Hoc|x86.Deploy.0 = Release|Any CPU
		{7BC8C62D-8695-437C-9146-ABB0F41882E7}.AppStore|Any CPU.ActiveCfg = Release|Any CPU
		{7BC8C62D-8695-437C-9146-ABB0F41882E7}.AppStore|Any CPU.Build.0 = Release|Any CPU
		{7BC8C62D-8695-437C-9146-ABB0F41882E7}.AppStore|Any CPU.Deploy.0 = Release|Any CPU
		{7BC8C62D-8695-437C-9146-ABB0F41882E7}.AppStore|ARM.ActiveCfg = Release|Any CPU
		{7BC8C62D-8695-437C-9146-ABB0F41882E7}.AppStore|ARM.Build.0 = Release|Any CPU
		{7BC8C62D-8695-437C-9146-ABB0F41882E7}.AppStore|ARM.Deploy.0 = Release|Any CPU
		{7BC8C62D-8695-437C-9146-ABB0F41882E7}.AppStore|iPhone.ActiveCfg = Release|Any CPU
		{7BC8C62D-8695-437C-9146-ABB0F41882E7}.AppStore|iPhone.Build.0 = Release|Any CPU
		{7BC8C62D-8695-437C-9146-ABB0F41882E7}.AppStore|iPhone.Deploy.0 = Release|Any CPU
		{7BC8C62D-8695-437C-9146-ABB0F41882E7}.AppStore|iPhoneSimulator.ActiveCfg = Release|Any CPU
		{7BC8C62D-8695-437C-9146-ABB0F41882E7}.AppStore|iPhoneSimulator.Build.0 = Release|Any CPU
		{7BC8C62D-8695-437C-9146-ABB0F41882E7}.AppStore|iPhoneSimulator.Deploy.0 = Release|Any CPU
		{7BC8C62D-8695-437C-9146-ABB0F41882E7}.AppStore|x64.ActiveCfg = Release|Any CPU
		{7BC8C62D-8695-437C-9146-ABB0F41882E7}.AppStore|x64.Build.0 = Release|Any CPU
		{7BC8C62D-8695-437C-9146-ABB0F41882E7}.AppStore|x64.Deploy.0 = Release|Any CPU
		{7BC8C62D-8695-437C-9146-ABB0F41882E7}.AppStore|x86.ActiveCfg = Release|Any CPU
		{7BC8C62D-8695-437C-9146-ABB0F41882E7}.AppStore|x86.Build.0 = Release|Any CPU
		{7BC8C62D-8695-437C-9146-ABB0F41882E7}.AppStore|x86.Deploy.0 = Release|Any CPU
		{7BC8C62D-8695-437C-9146-ABB0F41882E7}.Debug|Any CPU.ActiveCfg = Debug|Any CPU
		{7BC8C62D-8695-437C-9146-ABB0F41882E7}.Debug|Any CPU.Build.0 = Debug|Any CPU
		{7BC8C62D-8695-437C-9146-ABB0F41882E7}.Debug|Any CPU.Deploy.0 = Debug|Any CPU
		{7BC8C62D-8695-437C-9146-ABB0F41882E7}.Debug|ARM.ActiveCfg = Debug|Any CPU
		{7BC8C62D-8695-437C-9146-ABB0F41882E7}.Debug|ARM.Build.0 = Debug|Any CPU
		{7BC8C62D-8695-437C-9146-ABB0F41882E7}.Debug|ARM.Deploy.0 = Debug|Any CPU
		{7BC8C62D-8695-437C-9146-ABB0F41882E7}.Debug|iPhone.ActiveCfg = Debug|Any CPU
		{7BC8C62D-8695-437C-9146-ABB0F41882E7}.Debug|iPhone.Build.0 = Debug|Any CPU
		{7BC8C62D-8695-437C-9146-ABB0F41882E7}.Debug|iPhone.Deploy.0 = Debug|Any CPU
		{7BC8C62D-8695-437C-9146-ABB0F41882E7}.Debug|iPhoneSimulator.ActiveCfg = Debug|Any CPU
		{7BC8C62D-8695-437C-9146-ABB0F41882E7}.Debug|iPhoneSimulator.Build.0 = Debug|Any CPU
		{7BC8C62D-8695-437C-9146-ABB0F41882E7}.Debug|iPhoneSimulator.Deploy.0 = Debug|Any CPU
		{7BC8C62D-8695-437C-9146-ABB0F41882E7}.Debug|x64.ActiveCfg = Debug|Any CPU
		{7BC8C62D-8695-437C-9146-ABB0F41882E7}.Debug|x64.Build.0 = Debug|Any CPU
		{7BC8C62D-8695-437C-9146-ABB0F41882E7}.Debug|x64.Deploy.0 = Debug|Any CPU
		{7BC8C62D-8695-437C-9146-ABB0F41882E7}.Debug|x86.ActiveCfg = Debug|Any CPU
		{7BC8C62D-8695-437C-9146-ABB0F41882E7}.Debug|x86.Build.0 = Debug|Any CPU
		{7BC8C62D-8695-437C-9146-ABB0F41882E7}.Debug|x86.Deploy.0 = Debug|Any CPU
		{7BC8C62D-8695-437C-9146-ABB0F41882E7}.Release|Any CPU.ActiveCfg = Release|Any CPU
		{7BC8C62D-8695-437C-9146-ABB0F41882E7}.Release|Any CPU.Build.0 = Release|Any CPU
		{7BC8C62D-8695-437C-9146-ABB0F41882E7}.Release|Any CPU.Deploy.0 = Release|Any CPU
		{7BC8C62D-8695-437C-9146-ABB0F41882E7}.Release|ARM.ActiveCfg = Release|Any CPU
		{7BC8C62D-8695-437C-9146-ABB0F41882E7}.Release|ARM.Build.0 = Release|Any CPU
		{7BC8C62D-8695-437C-9146-ABB0F41882E7}.Release|ARM.Deploy.0 = Release|Any CPU
		{7BC8C62D-8695-437C-9146-ABB0F41882E7}.Release|iPhone.ActiveCfg = Release|Any CPU
		{7BC8C62D-8695-437C-9146-ABB0F41882E7}.Release|iPhone.Build.0 = Release|Any CPU
		{7BC8C62D-8695-437C-9146-ABB0F41882E7}.Release|iPhone.Deploy.0 = Release|Any CPU
		{7BC8C62D-8695-437C-9146-ABB0F41882E7}.Release|iPhoneSimulator.ActiveCfg = Release|Any CPU
		{7BC8C62D-8695-437C-9146-ABB0F41882E7}.Release|iPhoneSimulator.Build.0 = Release|Any CPU
		{7BC8C62D-8695-437C-9146-ABB0F41882E7}.Release|iPhoneSimulator.Deploy.0 = Release|Any CPU
		{7BC8C62D-8695-437C-9146-ABB0F41882E7}.Release|x64.ActiveCfg = Release|Any CPU
		{7BC8C62D-8695-437C-9146-ABB0F41882E7}.Release|x64.Build.0 = Release|Any CPU
		{7BC8C62D-8695-437C-9146-ABB0F41882E7}.Release|x64.Deploy.0 = Release|Any CPU
		{7BC8C62D-8695-437C-9146-ABB0F41882E7}.Release|x86.ActiveCfg = Release|Any CPU
		{7BC8C62D-8695-437C-9146-ABB0F41882E7}.Release|x86.Build.0 = Release|Any CPU
		{7BC8C62D-8695-437C-9146-ABB0F41882E7}.Release|x86.Deploy.0 = Release|Any CPU
		{EC322113-8178-40DC-A265-2234B91AC821}.Ad-Hoc|Any CPU.ActiveCfg = Ad-Hoc|iPhone
		{EC322113-8178-40DC-A265-2234B91AC821}.Ad-Hoc|Any CPU.Build.0 = Ad-Hoc|iPhone
		{EC322113-8178-40DC-A265-2234B91AC821}.Ad-Hoc|Any CPU.Deploy.0 = Ad-Hoc|iPhone
		{EC322113-8178-40DC-A265-2234B91AC821}.Ad-Hoc|ARM.ActiveCfg = Ad-Hoc|iPhone
		{EC322113-8178-40DC-A265-2234B91AC821}.Ad-Hoc|ARM.Build.0 = Ad-Hoc|iPhone
		{EC322113-8178-40DC-A265-2234B91AC821}.Ad-Hoc|ARM.Deploy.0 = Ad-Hoc|iPhone
		{EC322113-8178-40DC-A265-2234B91AC821}.Ad-Hoc|iPhone.ActiveCfg = Ad-Hoc|iPhone
		{EC322113-8178-40DC-A265-2234B91AC821}.Ad-Hoc|iPhone.Build.0 = Ad-Hoc|iPhone
		{EC322113-8178-40DC-A265-2234B91AC821}.Ad-Hoc|iPhone.Deploy.0 = Ad-Hoc|iPhone
		{EC322113-8178-40DC-A265-2234B91AC821}.Ad-Hoc|iPhoneSimulator.ActiveCfg = Ad-Hoc|iPhoneSimulator
		{EC322113-8178-40DC-A265-2234B91AC821}.Ad-Hoc|iPhoneSimulator.Build.0 = Ad-Hoc|iPhoneSimulator
		{EC322113-8178-40DC-A265-2234B91AC821}.Ad-Hoc|iPhoneSimulator.Deploy.0 = Ad-Hoc|iPhoneSimulator
		{EC322113-8178-40DC-A265-2234B91AC821}.Ad-Hoc|x64.ActiveCfg = Ad-Hoc|iPhone
		{EC322113-8178-40DC-A265-2234B91AC821}.Ad-Hoc|x64.Build.0 = Ad-Hoc|iPhone
		{EC322113-8178-40DC-A265-2234B91AC821}.Ad-Hoc|x64.Deploy.0 = Ad-Hoc|iPhone
		{EC322113-8178-40DC-A265-2234B91AC821}.Ad-Hoc|x86.ActiveCfg = Ad-Hoc|iPhone
		{EC322113-8178-40DC-A265-2234B91AC821}.Ad-Hoc|x86.Build.0 = Ad-Hoc|iPhone
		{EC322113-8178-40DC-A265-2234B91AC821}.Ad-Hoc|x86.Deploy.0 = Ad-Hoc|iPhone
		{EC322113-8178-40DC-A265-2234B91AC821}.AppStore|Any CPU.ActiveCfg = AppStore|iPhone
		{EC322113-8178-40DC-A265-2234B91AC821}.AppStore|Any CPU.Build.0 = AppStore|iPhone
		{EC322113-8178-40DC-A265-2234B91AC821}.AppStore|Any CPU.Deploy.0 = AppStore|iPhone
		{EC322113-8178-40DC-A265-2234B91AC821}.AppStore|ARM.ActiveCfg = AppStore|iPhone
		{EC322113-8178-40DC-A265-2234B91AC821}.AppStore|ARM.Build.0 = AppStore|iPhone
		{EC322113-8178-40DC-A265-2234B91AC821}.AppStore|ARM.Deploy.0 = AppStore|iPhone
		{EC322113-8178-40DC-A265-2234B91AC821}.AppStore|iPhone.ActiveCfg = AppStore|iPhone
		{EC322113-8178-40DC-A265-2234B91AC821}.AppStore|iPhone.Build.0 = AppStore|iPhone
		{EC322113-8178-40DC-A265-2234B91AC821}.AppStore|iPhone.Deploy.0 = AppStore|iPhone
		{EC322113-8178-40DC-A265-2234B91AC821}.AppStore|iPhoneSimulator.ActiveCfg = AppStore|iPhoneSimulator
		{EC322113-8178-40DC-A265-2234B91AC821}.AppStore|iPhoneSimulator.Build.0 = AppStore|iPhoneSimulator
		{EC322113-8178-40DC-A265-2234B91AC821}.AppStore|iPhoneSimulator.Deploy.0 = AppStore|iPhoneSimulator
		{EC322113-8178-40DC-A265-2234B91AC821}.AppStore|x64.ActiveCfg = AppStore|iPhone
		{EC322113-8178-40DC-A265-2234B91AC821}.AppStore|x64.Build.0 = AppStore|iPhone
		{EC322113-8178-40DC-A265-2234B91AC821}.AppStore|x64.Deploy.0 = AppStore|iPhone
		{EC322113-8178-40DC-A265-2234B91AC821}.AppStore|x86.ActiveCfg = AppStore|iPhone
		{EC322113-8178-40DC-A265-2234B91AC821}.AppStore|x86.Build.0 = AppStore|iPhone
		{EC322113-8178-40DC-A265-2234B91AC821}.AppStore|x86.Deploy.0 = AppStore|iPhone
		{EC322113-8178-40DC-A265-2234B91AC821}.Debug|Any CPU.ActiveCfg = Debug|iPhoneSimulator
		{EC322113-8178-40DC-A265-2234B91AC821}.Debug|Any CPU.Build.0 = Debug|iPhoneSimulator
		{EC322113-8178-40DC-A265-2234B91AC821}.Debug|Any CPU.Deploy.0 = Debug|iPhoneSimulator
		{EC322113-8178-40DC-A265-2234B91AC821}.Debug|ARM.ActiveCfg = Debug|iPhone
		{EC322113-8178-40DC-A265-2234B91AC821}.Debug|ARM.Build.0 = Debug|iPhone
		{EC322113-8178-40DC-A265-2234B91AC821}.Debug|ARM.Deploy.0 = Debug|iPhone
		{EC322113-8178-40DC-A265-2234B91AC821}.Debug|iPhone.ActiveCfg = Debug|iPhone
		{EC322113-8178-40DC-A265-2234B91AC821}.Debug|iPhone.Build.0 = Debug|iPhone
		{EC322113-8178-40DC-A265-2234B91AC821}.Debug|iPhone.Deploy.0 = Debug|iPhone
		{EC322113-8178-40DC-A265-2234B91AC821}.Debug|iPhoneSimulator.ActiveCfg = Debug|iPhoneSimulator
		{EC322113-8178-40DC-A265-2234B91AC821}.Debug|iPhoneSimulator.Build.0 = Debug|iPhoneSimulator
		{EC322113-8178-40DC-A265-2234B91AC821}.Debug|iPhoneSimulator.Deploy.0 = Debug|iPhoneSimulator
		{EC322113-8178-40DC-A265-2234B91AC821}.Debug|x64.ActiveCfg = Debug|iPhone
		{EC322113-8178-40DC-A265-2234B91AC821}.Debug|x64.Build.0 = Debug|iPhone
		{EC322113-8178-40DC-A265-2234B91AC821}.Debug|x64.Deploy.0 = Debug|iPhone
		{EC322113-8178-40DC-A265-2234B91AC821}.Debug|x86.ActiveCfg = Debug|iPhone
		{EC322113-8178-40DC-A265-2234B91AC821}.Debug|x86.Build.0 = Debug|iPhone
		{EC322113-8178-40DC-A265-2234B91AC821}.Debug|x86.Deploy.0 = Debug|iPhone
		{EC322113-8178-40DC-A265-2234B91AC821}.Release|Any CPU.ActiveCfg = Release|iPhone
		{EC322113-8178-40DC-A265-2234B91AC821}.Release|Any CPU.Build.0 = Release|iPhone
		{EC322113-8178-40DC-A265-2234B91AC821}.Release|Any CPU.Deploy.0 = Release|iPhone
		{EC322113-8178-40DC-A265-2234B91AC821}.Release|ARM.ActiveCfg = Release|iPhone
		{EC322113-8178-40DC-A265-2234B91AC821}.Release|ARM.Build.0 = Release|iPhone
		{EC322113-8178-40DC-A265-2234B91AC821}.Release|ARM.Deploy.0 = Release|iPhone
		{EC322113-8178-40DC-A265-2234B91AC821}.Release|iPhone.ActiveCfg = Release|iPhone
		{EC322113-8178-40DC-A265-2234B91AC821}.Release|iPhone.Build.0 = Release|iPhone
		{EC322113-8178-40DC-A265-2234B91AC821}.Release|iPhone.Deploy.0 = Release|iPhone
		{EC322113-8178-40DC-A265-2234B91AC821}.Release|iPhoneSimulator.ActiveCfg = Release|iPhoneSimulator
		{EC322113-8178-40DC-A265-2234B91AC821}.Release|iPhoneSimulator.Build.0 = Release|iPhoneSimulator
		{EC322113-8178-40DC-A265-2234B91AC821}.Release|iPhoneSimulator.Deploy.0 = Release|iPhoneSimulator
		{EC322113-8178-40DC-A265-2234B91AC821}.Release|x64.ActiveCfg = Release|iPhone
		{EC322113-8178-40DC-A265-2234B91AC821}.Release|x64.Build.0 = Release|iPhone
		{EC322113-8178-40DC-A265-2234B91AC821}.Release|x64.Deploy.0 = Release|iPhone
		{EC322113-8178-40DC-A265-2234B91AC821}.Release|x86.ActiveCfg = Release|iPhone
		{EC322113-8178-40DC-A265-2234B91AC821}.Release|x86.Build.0 = Release|iPhone
		{EC322113-8178-40DC-A265-2234B91AC821}.Release|x86.Deploy.0 = Release|iPhone
		{54724966-611F-4EC2-86A9-657561F7AECB}.Ad-Hoc|Any CPU.ActiveCfg = Release|x86
		{54724966-611F-4EC2-86A9-657561F7AECB}.Ad-Hoc|Any CPU.Build.0 = Release|x86
		{54724966-611F-4EC2-86A9-657561F7AECB}.Ad-Hoc|Any CPU.Deploy.0 = Release|x86
		{54724966-611F-4EC2-86A9-657561F7AECB}.Ad-Hoc|ARM.ActiveCfg = Release|ARM
		{54724966-611F-4EC2-86A9-657561F7AECB}.Ad-Hoc|ARM.Build.0 = Release|ARM
		{54724966-611F-4EC2-86A9-657561F7AECB}.Ad-Hoc|ARM.Deploy.0 = Release|ARM
		{54724966-611F-4EC2-86A9-657561F7AECB}.Ad-Hoc|iPhone.ActiveCfg = Release|x86
		{54724966-611F-4EC2-86A9-657561F7AECB}.Ad-Hoc|iPhone.Build.0 = Release|x86
		{54724966-611F-4EC2-86A9-657561F7AECB}.Ad-Hoc|iPhone.Deploy.0 = Release|x86
		{54724966-611F-4EC2-86A9-657561F7AECB}.Ad-Hoc|iPhoneSimulator.ActiveCfg = Release|x86
		{54724966-611F-4EC2-86A9-657561F7AECB}.Ad-Hoc|iPhoneSimulator.Build.0 = Release|x86
		{54724966-611F-4EC2-86A9-657561F7AECB}.Ad-Hoc|iPhoneSimulator.Deploy.0 = Release|x86
		{54724966-611F-4EC2-86A9-657561F7AECB}.Ad-Hoc|x64.ActiveCfg = Release|x64
		{54724966-611F-4EC2-86A9-657561F7AECB}.Ad-Hoc|x64.Build.0 = Release|x64
		{54724966-611F-4EC2-86A9-657561F7AECB}.Ad-Hoc|x64.Deploy.0 = Release|x64
		{54724966-611F-4EC2-86A9-657561F7AECB}.Ad-Hoc|x86.ActiveCfg = Release|x86
		{54724966-611F-4EC2-86A9-657561F7AECB}.Ad-Hoc|x86.Build.0 = Release|x86
		{54724966-611F-4EC2-86A9-657561F7AECB}.Ad-Hoc|x86.Deploy.0 = Release|x86
		{54724966-611F-4EC2-86A9-657561F7AECB}.AppStore|Any CPU.ActiveCfg = Release|x86
		{54724966-611F-4EC2-86A9-657561F7AECB}.AppStore|Any CPU.Build.0 = Release|x86
		{54724966-611F-4EC2-86A9-657561F7AECB}.AppStore|Any CPU.Deploy.0 = Release|x86
		{54724966-611F-4EC2-86A9-657561F7AECB}.AppStore|ARM.ActiveCfg = Release|ARM
		{54724966-611F-4EC2-86A9-657561F7AECB}.AppStore|ARM.Build.0 = Release|ARM
		{54724966-611F-4EC2-86A9-657561F7AECB}.AppStore|ARM.Deploy.0 = Release|ARM
		{54724966-611F-4EC2-86A9-657561F7AECB}.AppStore|iPhone.ActiveCfg = Release|x86
		{54724966-611F-4EC2-86A9-657561F7AECB}.AppStore|iPhone.Build.0 = Release|x86
		{54724966-611F-4EC2-86A9-657561F7AECB}.AppStore|iPhone.Deploy.0 = Release|x86
		{54724966-611F-4EC2-86A9-657561F7AECB}.AppStore|iPhoneSimulator.ActiveCfg = Release|x86
		{54724966-611F-4EC2-86A9-657561F7AECB}.AppStore|iPhoneSimulator.Build.0 = Release|x86
		{54724966-611F-4EC2-86A9-657561F7AECB}.AppStore|iPhoneSimulator.Deploy.0 = Release|x86
		{54724966-611F-4EC2-86A9-657561F7AECB}.AppStore|x64.ActiveCfg = Release|x64
		{54724966-611F-4EC2-86A9-657561F7AECB}.AppStore|x64.Build.0 = Release|x64
		{54724966-611F-4EC2-86A9-657561F7AECB}.AppStore|x64.Deploy.0 = Release|x64
		{54724966-611F-4EC2-86A9-657561F7AECB}.AppStore|x86.ActiveCfg = Release|x86
		{54724966-611F-4EC2-86A9-657561F7AECB}.AppStore|x86.Build.0 = Release|x86
		{54724966-611F-4EC2-86A9-657561F7AECB}.AppStore|x86.Deploy.0 = Release|x86
		{54724966-611F-4EC2-86A9-657561F7AECB}.Debug|Any CPU.ActiveCfg = Debug|x86
		{54724966-611F-4EC2-86A9-657561F7AECB}.Debug|Any CPU.Build.0 = Debug|x86
		{54724966-611F-4EC2-86A9-657561F7AECB}.Debug|Any CPU.Deploy.0 = Debug|x86
		{54724966-611F-4EC2-86A9-657561F7AECB}.Debug|ARM.ActiveCfg = Debug|ARM
		{54724966-611F-4EC2-86A9-657561F7AECB}.Debug|ARM.Build.0 = Debug|ARM
		{54724966-611F-4EC2-86A9-657561F7AECB}.Debug|ARM.Deploy.0 = Debug|ARM
		{54724966-611F-4EC2-86A9-657561F7AECB}.Debug|iPhone.ActiveCfg = Debug|x86
		{54724966-611F-4EC2-86A9-657561F7AECB}.Debug|iPhone.Build.0 = Debug|x86
		{54724966-611F-4EC2-86A9-657561F7AECB}.Debug|iPhone.Deploy.0 = Debug|x86
		{54724966-611F-4EC2-86A9-657561F7AECB}.Debug|iPhoneSimulator.ActiveCfg = Debug|x86
		{54724966-611F-4EC2-86A9-657561F7AECB}.Debug|iPhoneSimulator.Build.0 = Debug|x86
		{54724966-611F-4EC2-86A9-657561F7AECB}.Debug|iPhoneSimulator.Deploy.0 = Debug|x86
		{54724966-611F-4EC2-86A9-657561F7AECB}.Debug|x64.ActiveCfg = Debug|x64
		{54724966-611F-4EC2-86A9-657561F7AECB}.Debug|x64.Build.0 = Debug|x64
		{54724966-611F-4EC2-86A9-657561F7AECB}.Debug|x64.Deploy.0 = Debug|x64
		{54724966-611F-4EC2-86A9-657561F7AECB}.Debug|x86.ActiveCfg = Debug|x86
		{54724966-611F-4EC2-86A9-657561F7AECB}.Debug|x86.Build.0 = Debug|x86
		{54724966-611F-4EC2-86A9-657561F7AECB}.Debug|x86.Deploy.0 = Debug|x86
		{54724966-611F-4EC2-86A9-657561F7AECB}.Release|Any CPU.ActiveCfg = Release|x86
		{54724966-611F-4EC2-86A9-657561F7AECB}.Release|Any CPU.Build.0 = Release|x86
		{54724966-611F-4EC2-86A9-657561F7AECB}.Release|Any CPU.Deploy.0 = Release|x86
		{54724966-611F-4EC2-86A9-657561F7AECB}.Release|ARM.ActiveCfg = Release|ARM
		{54724966-611F-4EC2-86A9-657561F7AECB}.Release|ARM.Build.0 = Release|ARM
		{54724966-611F-4EC2-86A9-657561F7AECB}.Release|ARM.Deploy.0 = Release|ARM
		{54724966-611F-4EC2-86A9-657561F7AECB}.Release|iPhone.ActiveCfg = Release|x86
		{54724966-611F-4EC2-86A9-657561F7AECB}.Release|iPhone.Build.0 = Release|x86
		{54724966-611F-4EC2-86A9-657561F7AECB}.Release|iPhone.Deploy.0 = Release|x86
		{54724966-611F-4EC2-86A9-657561F7AECB}.Release|iPhoneSimulator.ActiveCfg = Release|x86
		{54724966-611F-4EC2-86A9-657561F7AECB}.Release|iPhoneSimulator.Build.0 = Release|x86
		{54724966-611F-4EC2-86A9-657561F7AECB}.Release|iPhoneSimulator.Deploy.0 = Release|x86
		{54724966-611F-4EC2-86A9-657561F7AECB}.Release|x64.ActiveCfg = Release|x64
		{54724966-611F-4EC2-86A9-657561F7AECB}.Release|x64.Build.0 = Release|x64
		{54724966-611F-4EC2-86A9-657561F7AECB}.Release|x64.Deploy.0 = Release|x64
		{54724966-611F-4EC2-86A9-657561F7AECB}.Release|x86.ActiveCfg = Release|x86
		{54724966-611F-4EC2-86A9-657561F7AECB}.Release|x86.Build.0 = Release|x86
		{54724966-611F-4EC2-86A9-657561F7AECB}.Release|x86.Deploy.0 = Release|x86
		{F855B331-2EC1-4843-B2FD-145D961116D2}.Ad-Hoc|Any CPU.ActiveCfg = Debug|Any CPU
		{F855B331-2EC1-4843-B2FD-145D961116D2}.Ad-Hoc|Any CPU.Build.0 = Debug|Any CPU
		{F855B331-2EC1-4843-B2FD-145D961116D2}.Ad-Hoc|Any CPU.Deploy.0 = Debug|Any CPU
		{F855B331-2EC1-4843-B2FD-145D961116D2}.Ad-Hoc|ARM.ActiveCfg = Debug|Any CPU
		{F855B331-2EC1-4843-B2FD-145D961116D2}.Ad-Hoc|ARM.Build.0 = Debug|Any CPU
		{F855B331-2EC1-4843-B2FD-145D961116D2}.Ad-Hoc|ARM.Deploy.0 = Debug|Any CPU
		{F855B331-2EC1-4843-B2FD-145D961116D2}.Ad-Hoc|iPhone.ActiveCfg = Debug|Any CPU
		{F855B331-2EC1-4843-B2FD-145D961116D2}.Ad-Hoc|iPhone.Build.0 = Debug|Any CPU
		{F855B331-2EC1-4843-B2FD-145D961116D2}.Ad-Hoc|iPhone.Deploy.0 = Debug|Any CPU
		{F855B331-2EC1-4843-B2FD-145D961116D2}.Ad-Hoc|iPhoneSimulator.ActiveCfg = Debug|Any CPU
		{F855B331-2EC1-4843-B2FD-145D961116D2}.Ad-Hoc|iPhoneSimulator.Build.0 = Debug|Any CPU
		{F855B331-2EC1-4843-B2FD-145D961116D2}.Ad-Hoc|iPhoneSimulator.Deploy.0 = Debug|Any CPU
		{F855B331-2EC1-4843-B2FD-145D961116D2}.Ad-Hoc|x64.ActiveCfg = Debug|Any CPU
		{F855B331-2EC1-4843-B2FD-145D961116D2}.Ad-Hoc|x64.Build.0 = Debug|Any CPU
		{F855B331-2EC1-4843-B2FD-145D961116D2}.Ad-Hoc|x64.Deploy.0 = Debug|Any CPU
		{F855B331-2EC1-4843-B2FD-145D961116D2}.Ad-Hoc|x86.ActiveCfg = Debug|Any CPU
		{F855B331-2EC1-4843-B2FD-145D961116D2}.Ad-Hoc|x86.Build.0 = Debug|Any CPU
		{F855B331-2EC1-4843-B2FD-145D961116D2}.Ad-Hoc|x86.Deploy.0 = Debug|Any CPU
		{F855B331-2EC1-4843-B2FD-145D961116D2}.AppStore|Any CPU.ActiveCfg = Debug|Any CPU
		{F855B331-2EC1-4843-B2FD-145D961116D2}.AppStore|Any CPU.Build.0 = Debug|Any CPU
		{F855B331-2EC1-4843-B2FD-145D961116D2}.AppStore|Any CPU.Deploy.0 = Debug|Any CPU
		{F855B331-2EC1-4843-B2FD-145D961116D2}.AppStore|ARM.ActiveCfg = Debug|Any CPU
		{F855B331-2EC1-4843-B2FD-145D961116D2}.AppStore|ARM.Build.0 = Debug|Any CPU
		{F855B331-2EC1-4843-B2FD-145D961116D2}.AppStore|ARM.Deploy.0 = Debug|Any CPU
		{F855B331-2EC1-4843-B2FD-145D961116D2}.AppStore|iPhone.ActiveCfg = Debug|Any CPU
		{F855B331-2EC1-4843-B2FD-145D961116D2}.AppStore|iPhone.Build.0 = Debug|Any CPU
		{F855B331-2EC1-4843-B2FD-145D961116D2}.AppStore|iPhone.Deploy.0 = Debug|Any CPU
		{F855B331-2EC1-4843-B2FD-145D961116D2}.AppStore|iPhoneSimulator.ActiveCfg = Debug|Any CPU
		{F855B331-2EC1-4843-B2FD-145D961116D2}.AppStore|iPhoneSimulator.Build.0 = Debug|Any CPU
		{F855B331-2EC1-4843-B2FD-145D961116D2}.AppStore|iPhoneSimulator.Deploy.0 = Debug|Any CPU
		{F855B331-2EC1-4843-B2FD-145D961116D2}.AppStore|x64.ActiveCfg = Debug|Any CPU
		{F855B331-2EC1-4843-B2FD-145D961116D2}.AppStore|x64.Build.0 = Debug|Any CPU
		{F855B331-2EC1-4843-B2FD-145D961116D2}.AppStore|x64.Deploy.0 = Debug|Any CPU
		{F855B331-2EC1-4843-B2FD-145D961116D2}.AppStore|x86.ActiveCfg = Debug|Any CPU
		{F855B331-2EC1-4843-B2FD-145D961116D2}.AppStore|x86.Build.0 = Debug|Any CPU
		{F855B331-2EC1-4843-B2FD-145D961116D2}.AppStore|x86.Deploy.0 = Debug|Any CPU
		{F855B331-2EC1-4843-B2FD-145D961116D2}.Debug|Any CPU.ActiveCfg = Debug|Any CPU
		{F855B331-2EC1-4843-B2FD-145D961116D2}.Debug|Any CPU.Build.0 = Debug|Any CPU
		{F855B331-2EC1-4843-B2FD-145D961116D2}.Debug|Any CPU.Deploy.0 = Debug|Any CPU
		{F855B331-2EC1-4843-B2FD-145D961116D2}.Debug|ARM.ActiveCfg = Debug|Any CPU
		{F855B331-2EC1-4843-B2FD-145D961116D2}.Debug|ARM.Build.0 = Debug|Any CPU
		{F855B331-2EC1-4843-B2FD-145D961116D2}.Debug|ARM.Deploy.0 = Debug|Any CPU
		{F855B331-2EC1-4843-B2FD-145D961116D2}.Debug|iPhone.ActiveCfg = Debug|Any CPU
		{F855B331-2EC1-4843-B2FD-145D961116D2}.Debug|iPhone.Build.0 = Debug|Any CPU
		{F855B331-2EC1-4843-B2FD-145D961116D2}.Debug|iPhone.Deploy.0 = Debug|Any CPU
		{F855B331-2EC1-4843-B2FD-145D961116D2}.Debug|iPhoneSimulator.ActiveCfg = Debug|Any CPU
		{F855B331-2EC1-4843-B2FD-145D961116D2}.Debug|iPhoneSimulator.Build.0 = Debug|Any CPU
		{F855B331-2EC1-4843-B2FD-145D961116D2}.Debug|iPhoneSimulator.Deploy.0 = Debug|Any CPU
		{F855B331-2EC1-4843-B2FD-145D961116D2}.Debug|x64.ActiveCfg = Debug|Any CPU
		{F855B331-2EC1-4843-B2FD-145D961116D2}.Debug|x64.Build.0 = Debug|Any CPU
		{F855B331-2EC1-4843-B2FD-145D961116D2}.Debug|x64.Deploy.0 = Debug|Any CPU
		{F855B331-2EC1-4843-B2FD-145D961116D2}.Debug|x86.ActiveCfg = Debug|Any CPU
		{F855B331-2EC1-4843-B2FD-145D961116D2}.Debug|x86.Build.0 = Debug|Any CPU
		{F855B331-2EC1-4843-B2FD-145D961116D2}.Debug|x86.Deploy.0 = Debug|Any CPU
		{F855B331-2EC1-4843-B2FD-145D961116D2}.Release|Any CPU.ActiveCfg = Release|Any CPU
		{F855B331-2EC1-4843-B2FD-145D961116D2}.Release|Any CPU.Build.0 = Release|Any CPU
		{F855B331-2EC1-4843-B2FD-145D961116D2}.Release|Any CPU.Deploy.0 = Release|Any CPU
		{F855B331-2EC1-4843-B2FD-145D961116D2}.Release|ARM.ActiveCfg = Release|Any CPU
		{F855B331-2EC1-4843-B2FD-145D961116D2}.Release|ARM.Build.0 = Release|Any CPU
		{F855B331-2EC1-4843-B2FD-145D961116D2}.Release|ARM.Deploy.0 = Release|Any CPU
		{F855B331-2EC1-4843-B2FD-145D961116D2}.Release|iPhone.ActiveCfg = Release|Any CPU
		{F855B331-2EC1-4843-B2FD-145D961116D2}.Release|iPhone.Build.0 = Release|Any CPU
		{F855B331-2EC1-4843-B2FD-145D961116D2}.Release|iPhone.Deploy.0 = Release|Any CPU
		{F855B331-2EC1-4843-B2FD-145D961116D2}.Release|iPhoneSimulator.ActiveCfg = Release|Any CPU
		{F855B331-2EC1-4843-B2FD-145D961116D2}.Release|iPhoneSimulator.Build.0 = Release|Any CPU
		{F855B331-2EC1-4843-B2FD-145D961116D2}.Release|iPhoneSimulator.Deploy.0 = Release|Any CPU
		{F855B331-2EC1-4843-B2FD-145D961116D2}.Release|x64.ActiveCfg = Release|Any CPU
		{F855B331-2EC1-4843-B2FD-145D961116D2}.Release|x64.Build.0 = Release|Any CPU
		{F855B331-2EC1-4843-B2FD-145D961116D2}.Release|x64.Deploy.0 = Release|Any CPU
		{F855B331-2EC1-4843-B2FD-145D961116D2}.Release|x86.ActiveCfg = Release|Any CPU
		{F855B331-2EC1-4843-B2FD-145D961116D2}.Release|x86.Build.0 = Release|Any CPU
		{F855B331-2EC1-4843-B2FD-145D961116D2}.Release|x86.Deploy.0 = Release|Any CPU
		{A2ED1611-2D3D-4433-8AE6-1E42024EEAA6}.Ad-Hoc|Any CPU.ActiveCfg = Release|Any CPU
		{A2ED1611-2D3D-4433-8AE6-1E42024EEAA6}.Ad-Hoc|Any CPU.Build.0 = Release|Any CPU
		{A2ED1611-2D3D-4433-8AE6-1E42024EEAA6}.Ad-Hoc|ARM.ActiveCfg = Release|Any CPU
		{A2ED1611-2D3D-4433-8AE6-1E42024EEAA6}.Ad-Hoc|ARM.Build.0 = Release|Any CPU
		{A2ED1611-2D3D-4433-8AE6-1E42024EEAA6}.Ad-Hoc|iPhone.ActiveCfg = Release|Any CPU
		{A2ED1611-2D3D-4433-8AE6-1E42024EEAA6}.Ad-Hoc|iPhone.Build.0 = Release|Any CPU
		{A2ED1611-2D3D-4433-8AE6-1E42024EEAA6}.Ad-Hoc|iPhoneSimulator.ActiveCfg = Release|Any CPU
		{A2ED1611-2D3D-4433-8AE6-1E42024EEAA6}.Ad-Hoc|iPhoneSimulator.Build.0 = Release|Any CPU
		{A2ED1611-2D3D-4433-8AE6-1E42024EEAA6}.Ad-Hoc|x64.ActiveCfg = Release|Any CPU
		{A2ED1611-2D3D-4433-8AE6-1E42024EEAA6}.Ad-Hoc|x64.Build.0 = Release|Any CPU
		{A2ED1611-2D3D-4433-8AE6-1E42024EEAA6}.Ad-Hoc|x86.ActiveCfg = Release|Any CPU
		{A2ED1611-2D3D-4433-8AE6-1E42024EEAA6}.Ad-Hoc|x86.Build.0 = Release|Any CPU
		{A2ED1611-2D3D-4433-8AE6-1E42024EEAA6}.AppStore|Any CPU.ActiveCfg = Release|Any CPU
		{A2ED1611-2D3D-4433-8AE6-1E42024EEAA6}.AppStore|Any CPU.Build.0 = Release|Any CPU
		{A2ED1611-2D3D-4433-8AE6-1E42024EEAA6}.AppStore|ARM.ActiveCfg = Release|Any CPU
		{A2ED1611-2D3D-4433-8AE6-1E42024EEAA6}.AppStore|ARM.Build.0 = Release|Any CPU
		{A2ED1611-2D3D-4433-8AE6-1E42024EEAA6}.AppStore|iPhone.ActiveCfg = Release|Any CPU
		{A2ED1611-2D3D-4433-8AE6-1E42024EEAA6}.AppStore|iPhone.Build.0 = Release|Any CPU
		{A2ED1611-2D3D-4433-8AE6-1E42024EEAA6}.AppStore|iPhoneSimulator.ActiveCfg = Release|Any CPU
		{A2ED1611-2D3D-4433-8AE6-1E42024EEAA6}.AppStore|iPhoneSimulator.Build.0 = Release|Any CPU
		{A2ED1611-2D3D-4433-8AE6-1E42024EEAA6}.AppStore|x64.ActiveCfg = Release|Any CPU
		{A2ED1611-2D3D-4433-8AE6-1E42024EEAA6}.AppStore|x64.Build.0 = Release|Any CPU
		{A2ED1611-2D3D-4433-8AE6-1E42024EEAA6}.AppStore|x86.ActiveCfg = Release|Any CPU
		{A2ED1611-2D3D-4433-8AE6-1E42024EEAA6}.AppStore|x86.Build.0 = Release|Any CPU
		{A2ED1611-2D3D-4433-8AE6-1E42024EEAA6}.Debug|Any CPU.ActiveCfg = Debug|Any CPU
		{A2ED1611-2D3D-4433-8AE6-1E42024EEAA6}.Debug|Any CPU.Build.0 = Debug|Any CPU
		{A2ED1611-2D3D-4433-8AE6-1E42024EEAA6}.Debug|ARM.ActiveCfg = Debug|Any CPU
		{A2ED1611-2D3D-4433-8AE6-1E42024EEAA6}.Debug|ARM.Build.0 = Debug|Any CPU
		{A2ED1611-2D3D-4433-8AE6-1E42024EEAA6}.Debug|iPhone.ActiveCfg = Debug|Any CPU
		{A2ED1611-2D3D-4433-8AE6-1E42024EEAA6}.Debug|iPhone.Build.0 = Debug|Any CPU
		{A2ED1611-2D3D-4433-8AE6-1E42024EEAA6}.Debug|iPhoneSimulator.ActiveCfg = Debug|Any CPU
		{A2ED1611-2D3D-4433-8AE6-1E42024EEAA6}.Debug|iPhoneSimulator.Build.0 = Debug|Any CPU
		{A2ED1611-2D3D-4433-8AE6-1E42024EEAA6}.Debug|x64.ActiveCfg = Debug|Any CPU
		{A2ED1611-2D3D-4433-8AE6-1E42024EEAA6}.Debug|x64.Build.0 = Debug|Any CPU
		{A2ED1611-2D3D-4433-8AE6-1E42024EEAA6}.Debug|x86.ActiveCfg = Debug|Any CPU
		{A2ED1611-2D3D-4433-8AE6-1E42024EEAA6}.Debug|x86.Build.0 = Debug|Any CPU
		{A2ED1611-2D3D-4433-8AE6-1E42024EEAA6}.Release|Any CPU.ActiveCfg = Release|Any CPU
		{A2ED1611-2D3D-4433-8AE6-1E42024EEAA6}.Release|Any CPU.Build.0 = Release|Any CPU
		{A2ED1611-2D3D-4433-8AE6-1E42024EEAA6}.Release|ARM.ActiveCfg = Release|Any CPU
		{A2ED1611-2D3D-4433-8AE6-1E42024EEAA6}.Release|ARM.Build.0 = Release|Any CPU
		{A2ED1611-2D3D-4433-8AE6-1E42024EEAA6}.Release|iPhone.ActiveCfg = Release|Any CPU
		{A2ED1611-2D3D-4433-8AE6-1E42024EEAA6}.Release|iPhone.Build.0 = Release|Any CPU
		{A2ED1611-2D3D-4433-8AE6-1E42024EEAA6}.Release|iPhoneSimulator.ActiveCfg = Release|Any CPU
		{A2ED1611-2D3D-4433-8AE6-1E42024EEAA6}.Release|iPhoneSimulator.Build.0 = Release|Any CPU
		{A2ED1611-2D3D-4433-8AE6-1E42024EEAA6}.Release|x64.ActiveCfg = Release|Any CPU
		{A2ED1611-2D3D-4433-8AE6-1E42024EEAA6}.Release|x64.Build.0 = Release|Any CPU
		{A2ED1611-2D3D-4433-8AE6-1E42024EEAA6}.Release|x86.ActiveCfg = Release|Any CPU
		{A2ED1611-2D3D-4433-8AE6-1E42024EEAA6}.Release|x86.Build.0 = Release|Any CPU
		{DE317B73-34B2-4F06-BBE9-2F6BBA44FF07}.Ad-Hoc|Any CPU.ActiveCfg = Release|Any CPU
		{DE317B73-34B2-4F06-BBE9-2F6BBA44FF07}.Ad-Hoc|Any CPU.Build.0 = Release|Any CPU
		{DE317B73-34B2-4F06-BBE9-2F6BBA44FF07}.Ad-Hoc|ARM.ActiveCfg = Release|Any CPU
		{DE317B73-34B2-4F06-BBE9-2F6BBA44FF07}.Ad-Hoc|ARM.Build.0 = Release|Any CPU
		{DE317B73-34B2-4F06-BBE9-2F6BBA44FF07}.Ad-Hoc|iPhone.ActiveCfg = Release|Any CPU
		{DE317B73-34B2-4F06-BBE9-2F6BBA44FF07}.Ad-Hoc|iPhone.Build.0 = Release|Any CPU
		{DE317B73-34B2-4F06-BBE9-2F6BBA44FF07}.Ad-Hoc|iPhoneSimulator.ActiveCfg = Release|Any CPU
		{DE317B73-34B2-4F06-BBE9-2F6BBA44FF07}.Ad-Hoc|iPhoneSimulator.Build.0 = Release|Any CPU
		{DE317B73-34B2-4F06-BBE9-2F6BBA44FF07}.Ad-Hoc|x64.ActiveCfg = Release|Any CPU
		{DE317B73-34B2-4F06-BBE9-2F6BBA44FF07}.Ad-Hoc|x64.Build.0 = Release|Any CPU
		{DE317B73-34B2-4F06-BBE9-2F6BBA44FF07}.Ad-Hoc|x86.ActiveCfg = Release|Any CPU
		{DE317B73-34B2-4F06-BBE9-2F6BBA44FF07}.Ad-Hoc|x86.Build.0 = Release|Any CPU
		{DE317B73-34B2-4F06-BBE9-2F6BBA44FF07}.AppStore|Any CPU.ActiveCfg = Release|Any CPU
		{DE317B73-34B2-4F06-BBE9-2F6BBA44FF07}.AppStore|Any CPU.Build.0 = Release|Any CPU
		{DE317B73-34B2-4F06-BBE9-2F6BBA44FF07}.AppStore|ARM.ActiveCfg = Release|Any CPU
		{DE317B73-34B2-4F06-BBE9-2F6BBA44FF07}.AppStore|ARM.Build.0 = Release|Any CPU
		{DE317B73-34B2-4F06-BBE9-2F6BBA44FF07}.AppStore|iPhone.ActiveCfg = Release|Any CPU
		{DE317B73-34B2-4F06-BBE9-2F6BBA44FF07}.AppStore|iPhone.Build.0 = Release|Any CPU
		{DE317B73-34B2-4F06-BBE9-2F6BBA44FF07}.AppStore|iPhoneSimulator.ActiveCfg = Release|Any CPU
		{DE317B73-34B2-4F06-BBE9-2F6BBA44FF07}.AppStore|iPhoneSimulator.Build.0 = Release|Any CPU
		{DE317B73-34B2-4F06-BBE9-2F6BBA44FF07}.AppStore|x64.ActiveCfg = Release|Any CPU
		{DE317B73-34B2-4F06-BBE9-2F6BBA44FF07}.AppStore|x64.Build.0 = Release|Any CPU
		{DE317B73-34B2-4F06-BBE9-2F6BBA44FF07}.AppStore|x86.ActiveCfg = Release|Any CPU
		{DE317B73-34B2-4F06-BBE9-2F6BBA44FF07}.AppStore|x86.Build.0 = Release|Any CPU
		{DE317B73-34B2-4F06-BBE9-2F6BBA44FF07}.Debug|Any CPU.ActiveCfg = Debug|Any CPU
		{DE317B73-34B2-4F06-BBE9-2F6BBA44FF07}.Debug|Any CPU.Build.0 = Debug|Any CPU
		{DE317B73-34B2-4F06-BBE9-2F6BBA44FF07}.Debug|ARM.ActiveCfg = Debug|Any CPU
		{DE317B73-34B2-4F06-BBE9-2F6BBA44FF07}.Debug|ARM.Build.0 = Debug|Any CPU
		{DE317B73-34B2-4F06-BBE9-2F6BBA44FF07}.Debug|iPhone.ActiveCfg = Debug|Any CPU
		{DE317B73-34B2-4F06-BBE9-2F6BBA44FF07}.Debug|iPhone.Build.0 = Debug|Any CPU
		{DE317B73-34B2-4F06-BBE9-2F6BBA44FF07}.Debug|iPhoneSimulator.ActiveCfg = Debug|Any CPU
		{DE317B73-34B2-4F06-BBE9-2F6BBA44FF07}.Debug|iPhoneSimulator.Build.0 = Debug|Any CPU
		{DE317B73-34B2-4F06-BBE9-2F6BBA44FF07}.Debug|x64.ActiveCfg = Debug|Any CPU
		{DE317B73-34B2-4F06-BBE9-2F6BBA44FF07}.Debug|x64.Build.0 = Debug|Any CPU
		{DE317B73-34B2-4F06-BBE9-2F6BBA44FF07}.Debug|x86.ActiveCfg = Debug|Any CPU
		{DE317B73-34B2-4F06-BBE9-2F6BBA44FF07}.Debug|x86.Build.0 = Debug|Any CPU
		{DE317B73-34B2-4F06-BBE9-2F6BBA44FF07}.Release|Any CPU.ActiveCfg = Release|Any CPU
		{DE317B73-34B2-4F06-BBE9-2F6BBA44FF07}.Release|Any CPU.Build.0 = Release|Any CPU
		{DE317B73-34B2-4F06-BBE9-2F6BBA44FF07}.Release|ARM.ActiveCfg = Release|Any CPU
		{DE317B73-34B2-4F06-BBE9-2F6BBA44FF07}.Release|ARM.Build.0 = Release|Any CPU
		{DE317B73-34B2-4F06-BBE9-2F6BBA44FF07}.Release|iPhone.ActiveCfg = Release|Any CPU
		{DE317B73-34B2-4F06-BBE9-2F6BBA44FF07}.Release|iPhone.Build.0 = Release|Any CPU
		{DE317B73-34B2-4F06-BBE9-2F6BBA44FF07}.Release|iPhoneSimulator.ActiveCfg = Release|Any CPU
		{DE317B73-34B2-4F06-BBE9-2F6BBA44FF07}.Release|iPhoneSimulator.Build.0 = Release|Any CPU
		{DE317B73-34B2-4F06-BBE9-2F6BBA44FF07}.Release|x64.ActiveCfg = Release|Any CPU
		{DE317B73-34B2-4F06-BBE9-2F6BBA44FF07}.Release|x64.Build.0 = Release|Any CPU
		{DE317B73-34B2-4F06-BBE9-2F6BBA44FF07}.Release|x86.ActiveCfg = Release|Any CPU
		{DE317B73-34B2-4F06-BBE9-2F6BBA44FF07}.Release|x86.Build.0 = Release|Any CPU
		{39F903B6-FC8F-4DBB-AEAA-8F7F42E1D683}.Ad-Hoc|Any CPU.ActiveCfg = Release|Any CPU
		{39F903B6-FC8F-4DBB-AEAA-8F7F42E1D683}.Ad-Hoc|Any CPU.Build.0 = Release|Any CPU
		{39F903B6-FC8F-4DBB-AEAA-8F7F42E1D683}.Ad-Hoc|ARM.ActiveCfg = Release|Any CPU
		{39F903B6-FC8F-4DBB-AEAA-8F7F42E1D683}.Ad-Hoc|ARM.Build.0 = Release|Any CPU
		{39F903B6-FC8F-4DBB-AEAA-8F7F42E1D683}.Ad-Hoc|iPhone.ActiveCfg = Release|Any CPU
		{39F903B6-FC8F-4DBB-AEAA-8F7F42E1D683}.Ad-Hoc|iPhone.Build.0 = Release|Any CPU
		{39F903B6-FC8F-4DBB-AEAA-8F7F42E1D683}.Ad-Hoc|iPhoneSimulator.ActiveCfg = Release|Any CPU
		{39F903B6-FC8F-4DBB-AEAA-8F7F42E1D683}.Ad-Hoc|iPhoneSimulator.Build.0 = Release|Any CPU
		{39F903B6-FC8F-4DBB-AEAA-8F7F42E1D683}.Ad-Hoc|x64.ActiveCfg = Release|Any CPU
		{39F903B6-FC8F-4DBB-AEAA-8F7F42E1D683}.Ad-Hoc|x64.Build.0 = Release|Any CPU
		{39F903B6-FC8F-4DBB-AEAA-8F7F42E1D683}.Ad-Hoc|x86.ActiveCfg = Release|Any CPU
		{39F903B6-FC8F-4DBB-AEAA-8F7F42E1D683}.Ad-Hoc|x86.Build.0 = Release|Any CPU
		{39F903B6-FC8F-4DBB-AEAA-8F7F42E1D683}.AppStore|Any CPU.ActiveCfg = Release|Any CPU
		{39F903B6-FC8F-4DBB-AEAA-8F7F42E1D683}.AppStore|Any CPU.Build.0 = Release|Any CPU
		{39F903B6-FC8F-4DBB-AEAA-8F7F42E1D683}.AppStore|ARM.ActiveCfg = Release|Any CPU
		{39F903B6-FC8F-4DBB-AEAA-8F7F42E1D683}.AppStore|ARM.Build.0 = Release|Any CPU
		{39F903B6-FC8F-4DBB-AEAA-8F7F42E1D683}.AppStore|iPhone.ActiveCfg = Release|Any CPU
		{39F903B6-FC8F-4DBB-AEAA-8F7F42E1D683}.AppStore|iPhone.Build.0 = Release|Any CPU
		{39F903B6-FC8F-4DBB-AEAA-8F7F42E1D683}.AppStore|iPhoneSimulator.ActiveCfg = Release|Any CPU
		{39F903B6-FC8F-4DBB-AEAA-8F7F42E1D683}.AppStore|iPhoneSimulator.Build.0 = Release|Any CPU
		{39F903B6-FC8F-4DBB-AEAA-8F7F42E1D683}.AppStore|x64.ActiveCfg = Release|Any CPU
		{39F903B6-FC8F-4DBB-AEAA-8F7F42E1D683}.AppStore|x64.Build.0 = Release|Any CPU
		{39F903B6-FC8F-4DBB-AEAA-8F7F42E1D683}.AppStore|x86.ActiveCfg = Release|Any CPU
		{39F903B6-FC8F-4DBB-AEAA-8F7F42E1D683}.AppStore|x86.Build.0 = Release|Any CPU
		{39F903B6-FC8F-4DBB-AEAA-8F7F42E1D683}.Debug|Any CPU.ActiveCfg = Debug|Any CPU
		{39F903B6-FC8F-4DBB-AEAA-8F7F42E1D683}.Debug|Any CPU.Build.0 = Debug|Any CPU
		{39F903B6-FC8F-4DBB-AEAA-8F7F42E1D683}.Debug|ARM.ActiveCfg = Debug|Any CPU
		{39F903B6-FC8F-4DBB-AEAA-8F7F42E1D683}.Debug|ARM.Build.0 = Debug|Any CPU
		{39F903B6-FC8F-4DBB-AEAA-8F7F42E1D683}.Debug|iPhone.ActiveCfg = Debug|Any CPU
		{39F903B6-FC8F-4DBB-AEAA-8F7F42E1D683}.Debug|iPhone.Build.0 = Debug|Any CPU
		{39F903B6-FC8F-4DBB-AEAA-8F7F42E1D683}.Debug|iPhoneSimulator.ActiveCfg = Debug|Any CPU
		{39F903B6-FC8F-4DBB-AEAA-8F7F42E1D683}.Debug|iPhoneSimulator.Build.0 = Debug|Any CPU
		{39F903B6-FC8F-4DBB-AEAA-8F7F42E1D683}.Debug|x64.ActiveCfg = Debug|Any CPU
		{39F903B6-FC8F-4DBB-AEAA-8F7F42E1D683}.Debug|x64.Build.0 = Debug|Any CPU
		{39F903B6-FC8F-4DBB-AEAA-8F7F42E1D683}.Debug|x86.ActiveCfg = Debug|Any CPU
		{39F903B6-FC8F-4DBB-AEAA-8F7F42E1D683}.Debug|x86.Build.0 = Debug|Any CPU
		{39F903B6-FC8F-4DBB-AEAA-8F7F42E1D683}.Release|Any CPU.ActiveCfg = Release|Any CPU
		{39F903B6-FC8F-4DBB-AEAA-8F7F42E1D683}.Release|Any CPU.Build.0 = Release|Any CPU
		{39F903B6-FC8F-4DBB-AEAA-8F7F42E1D683}.Release|ARM.ActiveCfg = Release|Any CPU
		{39F903B6-FC8F-4DBB-AEAA-8F7F42E1D683}.Release|ARM.Build.0 = Release|Any CPU
		{39F903B6-FC8F-4DBB-AEAA-8F7F42E1D683}.Release|iPhone.ActiveCfg = Release|Any CPU
		{39F903B6-FC8F-4DBB-AEAA-8F7F42E1D683}.Release|iPhone.Build.0 = Release|Any CPU
		{39F903B6-FC8F-4DBB-AEAA-8F7F42E1D683}.Release|iPhoneSimulator.ActiveCfg = Release|Any CPU
		{39F903B6-FC8F-4DBB-AEAA-8F7F42E1D683}.Release|iPhoneSimulator.Build.0 = Release|Any CPU
		{39F903B6-FC8F-4DBB-AEAA-8F7F42E1D683}.Release|x64.ActiveCfg = Release|Any CPU
		{39F903B6-FC8F-4DBB-AEAA-8F7F42E1D683}.Release|x64.Build.0 = Release|Any CPU
		{39F903B6-FC8F-4DBB-AEAA-8F7F42E1D683}.Release|x86.ActiveCfg = Release|Any CPU
		{39F903B6-FC8F-4DBB-AEAA-8F7F42E1D683}.Release|x86.Build.0 = Release|Any CPU
		{6DD7241C-AAE8-45B4-BD0B-400D9C239686}.Ad-Hoc|Any CPU.ActiveCfg = Release|Any CPU
		{6DD7241C-AAE8-45B4-BD0B-400D9C239686}.Ad-Hoc|Any CPU.Build.0 = Release|Any CPU
		{6DD7241C-AAE8-45B4-BD0B-400D9C239686}.Ad-Hoc|ARM.ActiveCfg = Release|Any CPU
		{6DD7241C-AAE8-45B4-BD0B-400D9C239686}.Ad-Hoc|ARM.Build.0 = Release|Any CPU
		{6DD7241C-AAE8-45B4-BD0B-400D9C239686}.Ad-Hoc|iPhone.ActiveCfg = Release|Any CPU
		{6DD7241C-AAE8-45B4-BD0B-400D9C239686}.Ad-Hoc|iPhone.Build.0 = Release|Any CPU
		{6DD7241C-AAE8-45B4-BD0B-400D9C239686}.Ad-Hoc|iPhoneSimulator.ActiveCfg = Release|Any CPU
		{6DD7241C-AAE8-45B4-BD0B-400D9C239686}.Ad-Hoc|iPhoneSimulator.Build.0 = Release|Any CPU
		{6DD7241C-AAE8-45B4-BD0B-400D9C239686}.Ad-Hoc|x64.ActiveCfg = Release|Any CPU
		{6DD7241C-AAE8-45B4-BD0B-400D9C239686}.Ad-Hoc|x64.Build.0 = Release|Any CPU
		{6DD7241C-AAE8-45B4-BD0B-400D9C239686}.Ad-Hoc|x86.ActiveCfg = Release|Any CPU
		{6DD7241C-AAE8-45B4-BD0B-400D9C239686}.Ad-Hoc|x86.Build.0 = Release|Any CPU
		{6DD7241C-AAE8-45B4-BD0B-400D9C239686}.AppStore|Any CPU.ActiveCfg = Release|Any CPU
		{6DD7241C-AAE8-45B4-BD0B-400D9C239686}.AppStore|Any CPU.Build.0 = Release|Any CPU
		{6DD7241C-AAE8-45B4-BD0B-400D9C239686}.AppStore|ARM.ActiveCfg = Release|Any CPU
		{6DD7241C-AAE8-45B4-BD0B-400D9C239686}.AppStore|ARM.Build.0 = Release|Any CPU
		{6DD7241C-AAE8-45B4-BD0B-400D9C239686}.AppStore|iPhone.ActiveCfg = Release|Any CPU
		{6DD7241C-AAE8-45B4-BD0B-400D9C239686}.AppStore|iPhone.Build.0 = Release|Any CPU
		{6DD7241C-AAE8-45B4-BD0B-400D9C239686}.AppStore|iPhoneSimulator.ActiveCfg = Release|Any CPU
		{6DD7241C-AAE8-45B4-BD0B-400D9C239686}.AppStore|iPhoneSimulator.Build.0 = Release|Any CPU
		{6DD7241C-AAE8-45B4-BD0B-400D9C239686}.AppStore|x64.ActiveCfg = Release|Any CPU
		{6DD7241C-AAE8-45B4-BD0B-400D9C239686}.AppStore|x64.Build.0 = Release|Any CPU
		{6DD7241C-AAE8-45B4-BD0B-400D9C239686}.AppStore|x86.ActiveCfg = Release|Any CPU
		{6DD7241C-AAE8-45B4-BD0B-400D9C239686}.AppStore|x86.Build.0 = Release|Any CPU
		{6DD7241C-AAE8-45B4-BD0B-400D9C239686}.Debug|Any CPU.ActiveCfg = Debug|Any CPU
		{6DD7241C-AAE8-45B4-BD0B-400D9C239686}.Debug|Any CPU.Build.0 = Debug|Any CPU
		{6DD7241C-AAE8-45B4-BD0B-400D9C239686}.Debug|ARM.ActiveCfg = Debug|Any CPU
		{6DD7241C-AAE8-45B4-BD0B-400D9C239686}.Debug|ARM.Build.0 = Debug|Any CPU
		{6DD7241C-AAE8-45B4-BD0B-400D9C239686}.Debug|iPhone.ActiveCfg = Debug|Any CPU
		{6DD7241C-AAE8-45B4-BD0B-400D9C239686}.Debug|iPhone.Build.0 = Debug|Any CPU
		{6DD7241C-AAE8-45B4-BD0B-400D9C239686}.Debug|iPhoneSimulator.ActiveCfg = Debug|Any CPU
		{6DD7241C-AAE8-45B4-BD0B-400D9C239686}.Debug|iPhoneSimulator.Build.0 = Debug|Any CPU
		{6DD7241C-AAE8-45B4-BD0B-400D9C239686}.Debug|x64.ActiveCfg = Debug|Any CPU
		{6DD7241C-AAE8-45B4-BD0B-400D9C239686}.Debug|x64.Build.0 = Debug|Any CPU
		{6DD7241C-AAE8-45B4-BD0B-400D9C239686}.Debug|x86.ActiveCfg = Debug|Any CPU
		{6DD7241C-AAE8-45B4-BD0B-400D9C239686}.Debug|x86.Build.0 = Debug|Any CPU
		{6DD7241C-AAE8-45B4-BD0B-400D9C239686}.Release|Any CPU.ActiveCfg = Release|Any CPU
		{6DD7241C-AAE8-45B4-BD0B-400D9C239686}.Release|Any CPU.Build.0 = Release|Any CPU
		{6DD7241C-AAE8-45B4-BD0B-400D9C239686}.Release|ARM.ActiveCfg = Release|Any CPU
		{6DD7241C-AAE8-45B4-BD0B-400D9C239686}.Release|ARM.Build.0 = Release|Any CPU
		{6DD7241C-AAE8-45B4-BD0B-400D9C239686}.Release|iPhone.ActiveCfg = Release|Any CPU
		{6DD7241C-AAE8-45B4-BD0B-400D9C239686}.Release|iPhone.Build.0 = Release|Any CPU
		{6DD7241C-AAE8-45B4-BD0B-400D9C239686}.Release|iPhoneSimulator.ActiveCfg = Release|Any CPU
		{6DD7241C-AAE8-45B4-BD0B-400D9C239686}.Release|iPhoneSimulator.Build.0 = Release|Any CPU
		{6DD7241C-AAE8-45B4-BD0B-400D9C239686}.Release|x64.ActiveCfg = Release|Any CPU
		{6DD7241C-AAE8-45B4-BD0B-400D9C239686}.Release|x64.Build.0 = Release|Any CPU
		{6DD7241C-AAE8-45B4-BD0B-400D9C239686}.Release|x86.ActiveCfg = Release|Any CPU
		{6DD7241C-AAE8-45B4-BD0B-400D9C239686}.Release|x86.Build.0 = Release|Any CPU
	EndGlobalSection
	GlobalSection(SolutionProperties) = preSolution
		HideSolutionNode = FALSE
	EndGlobalSection
	GlobalSection(ExtensibilityGlobals) = postSolution
		SolutionGuid = {1E37212E-ED43-4505-885D-948B5872037A}
	EndGlobalSection
EndGlobal
